dependencies:
- name: postgresql
  repository: https://charts.bitnami.com/bitnami
  version: 9.8.11
- name: rabbitmq
  repository: https://charts.bitnami.com/bitnami
  version: 8.7.0
- name: redis
  repository: https://charts.bitnami.com/bitnami
  version: 12.0.0
digest: sha256:c8b8289db3ac250db310796ae39c41e9fcac9e3c1d688765c6818f6c8a073baa
generated: "2021-03-19T14:47:01.197834+01:00"
