dependencies:
- name: mysql
  repository: https://kubernetes-charts.storage.googleapis.com
  version: 1.6.2
- name: postgresql
  repository: https://kubernetes-charts.storage.googleapis.com
  version: 8.1.2
- name: rabbitmq
  repository: https://kubernetes-charts.storage.googleapis.com
  version: 6.18.2
- name: redis
  repository: https://kubernetes-charts.storage.googleapis.com
  version: 10.3.1
digest: sha256:b8e59e67a98cd05e87cd339ee88617558e7284c01af2227dc617aba9c19c602f
generated: "2020-05-28T15:47:04.220824759+02:00"
